
Microsoft Visual Studio Solution File, Format Version 12.00
Project("{FAE04EC0-301F-11D3-BF4B-00C04F79EFBC}") = "SpaceMaster", "SpaceMaster\SpaceMaster.csproj", "{63C41764-3224-4FF5-8DEA-FC4E5AB6550C}"
EndProject
Global
	GlobalSection(SolutionConfigurationPlatforms) = preSolution
		Debug|Any CPU = Debug|Any CPU
		Release|Any CPU = Release|Any CPU
	EndGlobalSection
	GlobalSection(ProjectConfigurationPlatforms) = postSolution
		{63C41764-3224-4FF5-8DEA-FC4E5AB6550C}.Debug|Any CPU.ActiveCfg = Debug|Any CPU
		{63C41764-3224-4FF5-8DEA-FC4E5AB6550C}.Debug|Any CPU.Build.0 = Debug|Any CPU
		{63C41764-3224-4FF5-8DEA-FC4E5AB6550C}.Release|Any CPU.ActiveCfg = Release|Any CPU
		{63C41764-3224-4FF5-8DEA-FC4E5AB6550C}.Release|Any CPU.Build.0 = Release|Any CPU
	EndGlobalSection
EndGlobal
